
Microsoft Visual Studio Solution File, Format Version 12.00
# Visual Studio Version 16
VisualStudioVersion = 16.0.29926.136
MinimumVisualStudioVersion = 10.0.40219.1
Project("{FAE04EC0-301F-11D3-BF4B-00C04F79EFBC}") = "SoundRequest Installer", "SoundRequest Installer\SoundRequest Installer.csproj", "{E2F52903-E339-4242-B5E9-565DAD9A80D6}"
EndProject
Global
	GlobalSection(SolutionConfigurationPlatforms) = preSolution
		Debug|Any CPU = Debug|Any CPU
		Release|Any CPU = Release|Any CPU
	EndGlobalSection
	GlobalSection(ProjectConfigurationPlatforms) = postSolution
		{E2F52903-E339-4242-B5E9-565DAD9A80D6}.Debug|Any CPU.ActiveCfg = Debug|Any CPU
		{E2F52903-E339-4242-B5E9-565DAD9A80D6}.Debug|Any CPU.Build.0 = Debug|Any CPU
		{E2F52903-E339-4242-B5E9-565DAD9A80D6}.Release|Any CPU.ActiveCfg = Release|Any CPU
		{E2F52903-E339-4242-B5E9-565DAD9A80D6}.Release|Any CPU.Build.0 = Release|Any CPU
	EndGlobalSection
	GlobalSection(SolutionProperties) = preSolution
		HideSolutionNode = FALSE
	EndGlobalSection
	GlobalSection(ExtensibilityGlobals) = postSolution
		SolutionGuid = {7C40F8EE-0940-4858-B787-42849E7D6DE0}
	EndGlobalSection
EndGlobal
